
Microsoft Visual Studio Solution File, Format Version 12.00
# Visual Studio 15
VisualStudioVersion = 15.0.28010.2026
MinimumVisualStudioVersion = 10.0.40219.1
Project("{FAE04EC0-301F-11D3-BF4B-00C04F79EFBC}") = "Cdb.Module", "Cdb.Module\Cdb.Module.csproj", "{5F15837D-D1E5-44DC-92F0-4F2EBE9C3F8D}"
	ProjectSection(ProjectDependencies) = postProject
		{FDC45D25-7B7F-4FA5-80F5-F97846AA2743} = {FDC45D25-7B7F-4FA5-80F5-F97846AA2743}
	EndProjectSection
EndProject
Project("{FAE04EC0-301F-11D3-BF4B-00C04F79EFBC}") = "Cdb.Module.Win", "Cdb.Module.Win\Cdb.Module.Win.csproj", "{7964F87D-BC5D-4C4E-8B2F-71E89739AA97}"
EndProject
Project("{FAE04EC0-301F-11D3-BF4B-00C04F79EFBC}") = "Cdb.Win", "Cdb.Win\Cdb.Win.csproj", "{D05D93DF-312D-4D4E-B980-726871EC7833}"
EndProject
Project("{FAE04EC0-301F-11D3-BF4B-00C04F79EFBC}") = "Cdb.Notifications", "Cdb.Notifications\Cdb.Notifications.csproj", "{FDC45D25-7B7F-4FA5-80F5-F97846AA2743}"
EndProject
Project("{FAE04EC0-301F-11D3-BF4B-00C04F79EFBC}") = "Cdb.Tickets", "Cdb.Tickets\Cdb.Tickets.csproj", "{31D07CEC-61A1-4B5E-AC48-B7AB2CCA96D7}"
EndProject
Global
	GlobalSection(SolutionConfigurationPlatforms) = preSolution
		Debug|Any CPU = Debug|Any CPU
		EasyTest|Any CPU = EasyTest|Any CPU
		Release|Any CPU = Release|Any CPU
	EndGlobalSection
	GlobalSection(ProjectConfigurationPlatforms) = postSolution
		{5F15837D-D1E5-44DC-92F0-4F2EBE9C3F8D}.Debug|Any CPU.ActiveCfg = Debug|Any CPU
		{5F15837D-D1E5-44DC-92F0-4F2EBE9C3F8D}.Debug|Any CPU.Build.0 = Debug|Any CPU
		{5F15837D-D1E5-44DC-92F0-4F2EBE9C3F8D}.EasyTest|Any CPU.ActiveCfg = EasyTest|Any CPU
		{5F15837D-D1E5-44DC-92F0-4F2EBE9C3F8D}.EasyTest|Any CPU.Build.0 = EasyTest|Any CPU
		{5F15837D-D1E5-44DC-92F0-4F2EBE9C3F8D}.Release|Any CPU.ActiveCfg = Release|Any CPU
		{5F15837D-D1E5-44DC-92F0-4F2EBE9C3F8D}.Release|Any CPU.Build.0 = Release|Any CPU
		{7964F87D-BC5D-4C4E-8B2F-71E89739AA97}.Debug|Any CPU.ActiveCfg = Debug|Any CPU
		{7964F87D-BC5D-4C4E-8B2F-71E89739AA97}.Debug|Any CPU.Build.0 = Debug|Any CPU
		{7964F87D-BC5D-4C4E-8B2F-71E89739AA97}.EasyTest|Any CPU.ActiveCfg = EasyTest|Any CPU
		{7964F87D-BC5D-4C4E-8B2F-71E89739AA97}.EasyTest|Any CPU.Build.0 = EasyTest|Any CPU
		{7964F87D-BC5D-4C4E-8B2F-71E89739AA97}.Release|Any CPU.ActiveCfg = Release|Any CPU
		{7964F87D-BC5D-4C4E-8B2F-71E89739AA97}.Release|Any CPU.Build.0 = Release|Any CPU
		{D05D93DF-312D-4D4E-B980-726871EC7833}.Debug|Any CPU.ActiveCfg = Debug|Any CPU
		{D05D93DF-312D-4D4E-B980-726871EC7833}.Debug|Any CPU.Build.0 = Debug|Any CPU
		{D05D93DF-312D-4D4E-B980-726871EC7833}.EasyTest|Any CPU.ActiveCfg = EasyTest|Any CPU
		{D05D93DF-312D-4D4E-B980-726871EC7833}.EasyTest|Any CPU.Build.0 = EasyTest|Any CPU
		{D05D93DF-312D-4D4E-B980-726871EC7833}.Release|Any CPU.ActiveCfg = Release|Any CPU
		{D05D93DF-312D-4D4E-B980-726871EC7833}.Release|Any CPU.Build.0 = Release|Any CPU
		{FDC45D25-7B7F-4FA5-80F5-F97846AA2743}.Debug|Any CPU.ActiveCfg = Debug|Any CPU
		{FDC45D25-7B7F-4FA5-80F5-F97846AA2743}.Debug|Any CPU.Build.0 = Debug|Any CPU
		{FDC45D25-7B7F-4FA5-80F5-F97846AA2743}.EasyTest|Any CPU.ActiveCfg = EasyTest|Any CPU
		{FDC45D25-7B7F-4FA5-80F5-F97846AA2743}.EasyTest|Any CPU.Build.0 = EasyTest|Any CPU
		{FDC45D25-7B7F-4FA5-80F5-F97846AA2743}.Release|Any CPU.ActiveCfg = Release|Any CPU
		{FDC45D25-7B7F-4FA5-80F5-F97846AA2743}.Release|Any CPU.Build.0 = Release|Any CPU
		{31D07CEC-61A1-4B5E-AC48-B7AB2CCA96D7}.Debug|Any CPU.ActiveCfg = Debug|Any CPU
		{31D07CEC-61A1-4B5E-AC48-B7AB2CCA96D7}.Debug|Any CPU.Build.0 = Debug|Any CPU
		{31D07CEC-61A1-4B5E-AC48-B7AB2CCA96D7}.EasyTest|Any CPU.ActiveCfg = EasyTest|Any CPU
		{31D07CEC-61A1-4B5E-AC48-B7AB2CCA96D7}.EasyTest|Any CPU.Build.0 = EasyTest|Any CPU
		{31D07CEC-61A1-4B5E-AC48-B7AB2CCA96D7}.Release|Any CPU.ActiveCfg = Release|Any CPU
		{31D07CEC-61A1-4B5E-AC48-B7AB2CCA96D7}.Release|Any CPU.Build.0 = Release|Any CPU
	EndGlobalSection
	GlobalSection(SolutionProperties) = preSolution
		HideSolutionNode = FALSE
	EndGlobalSection
	GlobalSection(ExtensibilityGlobals) = postSolution
		SolutionGuid = {07753A6D-AF1A-495B-8AEE-12F0D4E62DB0}
	EndGlobalSection
EndGlobal
